// !$*UTF8*$!
{
"archiveVersion" = 1;
"classes" = {
};
"objectVersion" = 56;
"objects" = {
"EDD2B99B5DB656418EC9E628" = {
"isa" = "PBXFileReference";
"lastKnownFileType" = "sourcecode.swift";
"path" = "Sources/Binocular/Service.swift";
"sourceTree" = "<group>";
};
"2FD21EF27201857070D185B2" = {
"isa" = "PBXBuildFile";
"fileRef" = "EDD2B99B5DB656418EC9E628";
};
"753E13F9A0072062B2AAB046" = {
"isa" = "PBXFileReference";
"lastKnownFileType" = "sourcecode.swift";
"path" = "Sources/Binocular/BinocularApp.swift";
"sourceTree" = "<group>";
};
"04EB4591CF72D08B087DCC8E" = {
"isa" = "PBXBuildFile";
"fileRef" = "753E13F9A0072062B2AAB046";
};
"96046B25DDE728269CE41A27" = {
"isa" = "PBXFileReference";
"lastKnownFileType" = "text.plist.xml";
"path" = "Sources/Binocular/ServiceConfig.plist";
"sourceTree" = "<group>";
};
"C79A86C801098B3E4BBD1E79" = {
"isa" = "PBXBuildFile";
"fileRef" = "96046B25DDE728269CE41A27";
};
"795A02A63DC9C1E86758E98F" = {
"isa" = "PBXFileReference";
"lastKnownFileType" = "folder.assetcatalog";
"path" = "Assets.xcassets";
"sourceTree" = "<group>";
};
"6FE0BBEC37407380D400F491" = {
"isa" = "PBXBuildFile";
"fileRef" = "795A02A63DC9C1E86758E98F";
};
"A8792157CB4F27FB949C035F" = {
"isa" = "PBXFileReference";
"explicitFileType" = "wrapper.application";
"path" = "Binocular.app";
"sourceTree" = "BUILT_PRODUCTS_DIR";
};
"0A3E27B8CA818264D75C8D81" = {
"isa" = "PBXGroup";
"children" = ("A8792157CB4F27FB949C035F");
"name" = "Products";
"sourceTree" = "<group>";
};
"AD936FCBED631FA67E05C3EA" = {
"isa" = "PBXGroup";
"children" = ("EDD2B99B5DB656418EC9E628","753E13F9A0072062B2AAB046","96046B25DDE728269CE41A27","795A02A63DC9C1E86758E98F","0A3E27B8CA818264D75C8D81");
"sourceTree" = "<group>";
};
"878A52FC5FF6A57D50B7B870" = {
"isa" = "PBXSourcesBuildPhase";
"buildActionMask" = 2147483647;
"files" = ("2FD21EF27201857070D185B2","04EB4591CF72D08B087DCC8E");
"runOnlyForDeploymentPostprocessing" = 0;
};
"41D311A605520FC7B8B9A980" = {
"isa" = "PBXResourcesBuildPhase";
"buildActionMask" = 2147483647;
"files" = ("C79A86C801098B3E4BBD1E79","6FE0BBEC37407380D400F491");
"runOnlyForDeploymentPostprocessing" = 0;
};
"E2AA269EB967A8853A258BFA" = {
"isa" = "PBXFrameworksBuildPhase";
"buildActionMask" = 2147483647;
"files" = ();
"runOnlyForDeploymentPostprocessing" = 0;
};
"1A03BD2FD107C453F3183E30" = {
"isa" = "XCBuildConfiguration";
"name" = "Debug";
"buildSettings" = {
"PRODUCT_BUNDLE_IDENTIFIER" = "app.binocular.preview";
"PRODUCT_NAME" = "$(TARGET_NAME)";
"SWIFT_VERSION" = "5.0";
"MACOSX_DEPLOYMENT_TARGET" = "14.0";
"IPHONEOS_DEPLOYMENT_TARGET" = "17.0";
"SUPPORTED_PLATFORMS" = "iphoneos iphonesimulator macosx";
"SDKROOT" = "auto";
"TARGETED_DEVICE_FAMILY" = "1,2";
"GENERATE_INFOPLIST_FILE" = "YES";
"INFOPLIST_KEY_CFBundleDisplayName" = "Binocular";
"INFOPLIST_KEY_LSApplicationCategoryType" = "public.app-category.sports";
"INFOPLIST_KEY_UILaunchScreen_Generation" = "YES";
"INFOPLIST_KEY_UIApplicationSceneManifest_Generation" = "YES";
"CODE_SIGN_STYLE" = "Automatic";
"CODE_SIGN_ENTITLEMENTS[sdk=macosx*]" = "Config/Binocular.entitlements";
"CODE_SIGN_ENTITLEMENTS[sdk=iphone*]" = "Config/iOS.entitlements";
"ENABLE_HARDENED_RUNTIME" = "YES";
"ASSETCATALOG_COMPILER_APPICON_NAME" = "AppIcon";
"CURRENT_PROJECT_VERSION" = "1";
"MARKETING_VERSION" = "0.1.0";
"SWIFT_EMIT_LOC_STRINGS" = "YES";
"SWIFT_OPTIMIZATION_LEVEL" = "-Onone";
};
};
"73EBF6644258C120893E685D" = {
"isa" = "XCBuildConfiguration";
"name" = "Debug";
"buildSettings" = {
"CLANG_ENABLE_MODULES" = "YES";
"SWIFT_VERSION" = "5.0";
};
};
"E020E3C67BD0C31227720BD8" = {
"isa" = "XCBuildConfiguration";
"name" = "Release";
"buildSettings" = {
"PRODUCT_BUNDLE_IDENTIFIER" = "app.binocular.preview";
"PRODUCT_NAME" = "$(TARGET_NAME)";
"SWIFT_VERSION" = "5.0";
"MACOSX_DEPLOYMENT_TARGET" = "14.0";
"IPHONEOS_DEPLOYMENT_TARGET" = "17.0";
"SUPPORTED_PLATFORMS" = "iphoneos iphonesimulator macosx";
"SDKROOT" = "auto";
"TARGETED_DEVICE_FAMILY" = "1,2";
"GENERATE_INFOPLIST_FILE" = "YES";
"INFOPLIST_KEY_CFBundleDisplayName" = "Binocular";
"INFOPLIST_KEY_LSApplicationCategoryType" = "public.app-category.sports";
"INFOPLIST_KEY_UILaunchScreen_Generation" = "YES";
"INFOPLIST_KEY_UIApplicationSceneManifest_Generation" = "YES";
"CODE_SIGN_STYLE" = "Automatic";
"CODE_SIGN_ENTITLEMENTS[sdk=macosx*]" = "Config/Binocular.entitlements";
"CODE_SIGN_ENTITLEMENTS[sdk=iphone*]" = "Config/iOS.entitlements";
"ENABLE_HARDENED_RUNTIME" = "YES";
"ASSETCATALOG_COMPILER_APPICON_NAME" = "AppIcon";
"CURRENT_PROJECT_VERSION" = "1";
"MARKETING_VERSION" = "0.1.0";
"SWIFT_EMIT_LOC_STRINGS" = "YES";
"SWIFT_OPTIMIZATION_LEVEL" = "-O";
};
};
"0B0C687DF8B6B8DC790B519C" = {
"isa" = "XCBuildConfiguration";
"name" = "Release";
"buildSettings" = {
"CLANG_ENABLE_MODULES" = "YES";
"SWIFT_VERSION" = "5.0";
};
};
"175AB01246347EE3CB3AD67C" = {
"isa" = "XCConfigurationList";
"buildConfigurations" = ("1A03BD2FD107C453F3183E30","E020E3C67BD0C31227720BD8");
"defaultConfigurationIsVisible" = 0;
"defaultConfigurationName" = "Release";
};
"C631E4B921CE4474D0AB93BD" = {
"isa" = "XCConfigurationList";
"buildConfigurations" = ("73EBF6644258C120893E685D","0B0C687DF8B6B8DC790B519C");
"defaultConfigurationIsVisible" = 0;
"defaultConfigurationName" = "Release";
};
"34A04005BCAF206EEC990BD9" = {
"isa" = "PBXNativeTarget";
"buildConfigurationList" = "175AB01246347EE3CB3AD67C";
"buildPhases" = ("878A52FC5FF6A57D50B7B870","E2AA269EB967A8853A258BFA","41D311A605520FC7B8B9A980");
"buildRules" = ();
"dependencies" = ();
"name" = "Binocular";
"productName" = "Binocular";
"productReference" = "A8792157CB4F27FB949C035F";
"productType" = "com.apple.product-type.application";
};
"244210E48437B6556980A702" = {
"isa" = "PBXProject";
"attributes" = {
"BuildIndependentTargetsInParallel" = "YES";
"LastUpgradeCheck" = "1600";
};
"buildConfigurationList" = "C631E4B921CE4474D0AB93BD";
"compatibilityVersion" = "Xcode 14.0";
"developmentRegion" = "en";
"hasScannedForEncodings" = 0;
"knownRegions" = ("en","Base");
"mainGroup" = "AD936FCBED631FA67E05C3EA";
"productRefGroup" = "0A3E27B8CA818264D75C8D81";
"projectDirPath" = "";
"projectRoot" = "";
"targets" = ("34A04005BCAF206EEC990BD9");
};
};
"rootObject" = "244210E48437B6556980A702";
}